
Microsoft Visual Studio Solution File, Format Version 12.00
# Visual Studio Version 17
VisualStudioVersion = 17.10.35004.147
MinimumVisualStudioVersion = 10.0.40219.1
Project("{FAE04EC0-301F-11D3-BF4B-00C04F79EFBC}") = "Book", "Book.csproj", "{B227AA91-3B0F-457A-A4AA-38290240E964}"
EndProject
Global
	GlobalSection(SolutionConfigurationPlatforms) = preSolution
		Debug|Any CPU = Debug|Any CPU
		Release|Any CPU = Release|Any CPU
	EndGlobalSection
	GlobalSection(ProjectConfigurationPlatforms) = postSolution
		{B227AA91-3B0F-457A-A4AA-38290240E964}.Debug|Any CPU.ActiveCfg = Debug|Any CPU
		{B227AA91-3B0F-457A-A4AA-38290240E964}.Debug|Any CPU.Build.0 = Debug|Any CPU
		{B227AA91-3B0F-457A-A4AA-38290240E964}.Release|Any CPU.ActiveCfg = Release|Any CPU
		{B227AA91-3B0F-457A-A4AA-38290240E964}.Release|Any CPU.Build.0 = Release|Any CPU
	EndGlobalSection
	GlobalSection(SolutionProperties) = preSolution
		HideSolutionNode = FALSE
	EndGlobalSection
	GlobalSection(ExtensibilityGlobals) = postSolution
		SolutionGuid = {4C3A58DD-DDBB-4EBF-BBF1-177346D507B3}
	EndGlobalSection
EndGlobal
